
Microsoft Visual Studio Solution File, Format Version 12.00
# Visual Studio Version 17
VisualStudioVersion = 17.9.34728.123
MinimumVisualStudioVersion = 10.0.40219.1
Project("{FAE04EC0-301F-11D3-BF4B-00C04F79EFBC}") = "HTQLSV", "HTQLSV\HTQLSV.csproj", "{A1CCCBBA-2AB8-416F-969B-78A706A9ED27}"
EndProject
Global
	GlobalSection(SolutionConfigurationPlatforms) = preSolution
		Debug|Any CPU = Debug|Any CPU
		Release|Any CPU = Release|Any CPU
	EndGlobalSection
	GlobalSection(ProjectConfigurationPlatforms) = postSolution
		{A1CCCBBA-2AB8-416F-969B-78A706A9ED27}.Debug|Any CPU.ActiveCfg = Debug|Any CPU
		{A1CCCBBA-2AB8-416F-969B-78A706A9ED27}.Debug|Any CPU.Build.0 = Debug|Any CPU
		{A1CCCBBA-2AB8-416F-969B-78A706A9ED27}.Release|Any CPU.ActiveCfg = Release|Any CPU
		{A1CCCBBA-2AB8-416F-969B-78A706A9ED27}.Release|Any CPU.Build.0 = Release|Any CPU
	EndGlobalSection
	GlobalSection(SolutionProperties) = preSolution
		HideSolutionNode = FALSE
	EndGlobalSection
	GlobalSection(ExtensibilityGlobals) = postSolution
		SolutionGuid = {D0EE096A-5190-4458-B25A-0D6886E38699}
	EndGlobalSection
EndGlobal
